// !$*UTF8*$!
{
	archiveVersion = 1;
	classes = {
	};
	objectVersion = 50;
	objects = {

/* Begin PBXBuildFile section */
		CDF3B8DB20E808A500B5FCAE /* main.cpp in Sources */ = {isa = PBXBuildFile; fileRef = CDF3B8DA20E808A500B5FCAE /* main.cpp */; };
		CDF3B8DD20E808A500B5FCAE /* Makefile in Sources */ = {isa = PBXBuildFile; fileRef = CDF3B8DC20E808A500B5FCAE /* Makefile */; };
/* End PBXBuildFile section */

/* Begin PBXFileReference section */
		CDF3B8D720E808A500B5FCAE /* Index */ = {isa = PBXFileReference; explicitFileType = "compiled.mach-o.executable"; includeInIndex = 0; path = Index; sourceTree = BUILT_PRODUCTS_DIR; };
		CDF3B8DA20E808A500B5FCAE /* main.cpp */ = {isa = PBXFileReference; lastKnownFileType = sourcecode.cpp.cpp; path = main.cpp; sourceTree = "<group>"; };
		CDF3B8DC20E808A500B5FCAE /* Makefile */ = {isa = PBXFileReference; lastKnownFileType = sourcecode.make; path = Makefile; sourceTree = "<group>"; };
		CDF3B8DE20E808A500B5FCAE /* ReadMe.txt */ = {isa = PBXFileReference; lastKnownFileType = text; path = ReadMe.txt; sourceTree = "<group>"; };
		CDF3B8E020E808A500B5FCAE /* Sketchbook.txt */ = {isa = PBXFileReference; lastKnownFileType = text; name = Sketchbook.txt; path = Sketchbook/Sketchbook.txt; sourceTree = "<group>"; };
		CDF3B8E220E808A500B5FCAE /* Arduino Due (Programming Port).xcconfig */ = {isa = PBXFileReference; lastKnownFileType = text.xcconfig; name = "Arduino Due (Programming Port).xcconfig"; path = "Configurations/Arduino Due (Programming Port).xcconfig"; sourceTree = "<group>"; };
		CDF3B8E320E808A500B5FCAE /* Arduino Duemilanove.xcconfig */ = {isa = PBXFileReference; lastKnownFileType = text.xcconfig; name = "Arduino Duemilanove.xcconfig"; path = "Configurations/Arduino Duemilanove.xcconfig"; sourceTree = "<group>"; };
		CDF3B8E420E808A500B5FCAE /* Arduino Leonardo.xcconfig */ = {isa = PBXFileReference; lastKnownFileType = text.xcconfig; name = "Arduino Leonardo.xcconfig"; path = "Configurations/Arduino Leonardo.xcconfig"; sourceTree = "<group>"; };
		CDF3B8E520E808A500B5FCAE /* Arduino Mega 2560.xcconfig */ = {isa = PBXFileReference; lastKnownFileType = text.xcconfig; name = "Arduino Mega 2560.xcconfig"; path = "Configurations/Arduino Mega 2560.xcconfig"; sourceTree = "<group>"; };
		CDF3B8E620E808A600B5FCAE /* Arduino Micro.xcconfig */ = {isa = PBXFileReference; lastKnownFileType = text.xcconfig; name = "Arduino Micro.xcconfig"; path = "Configurations/Arduino Micro.xcconfig"; sourceTree = "<group>"; };
		CDF3B8E720E808A600B5FCAE /* Arduino Pro ATmega328-3.3V.xcconfig */ = {isa = PBXFileReference; lastKnownFileType = text.xcconfig; name = "Arduino Pro ATmega328-3.3V.xcconfig"; path = "Configurations/Arduino Pro ATmega328-3.3V.xcconfig"; sourceTree = "<group>"; };
		CDF3B8E820E808A600B5FCAE /* Arduino Pro ATmega328-5V.xcconfig */ = {isa = PBXFileReference; lastKnownFileType = text.xcconfig; name = "Arduino Pro ATmega328-5V.xcconfig"; path = "Configurations/Arduino Pro ATmega328-5V.xcconfig"; sourceTree = "<group>"; };
		CDF3B8E920E808A600B5FCAE /* Arduino Mini ATmega168.xcconfig */ = {isa = PBXFileReference; lastKnownFileType = text.xcconfig; name = "Arduino Mini ATmega168.xcconfig"; path = "Configurations/Arduino Mini ATmega168.xcconfig"; sourceTree = "<group>"; };
		CDF3B8EA20E808A600B5FCAE /* Arduino Mini ATmega328.xcconfig */ = {isa = PBXFileReference; lastKnownFileType = text.xcconfig; name = "Arduino Mini ATmega328.xcconfig"; path = "Configurations/Arduino Mini ATmega328.xcconfig"; sourceTree = "<group>"; };
		CDF3B8EB20E808A600B5FCAE /* Arduino Nano ATmega168.xcconfig */ = {isa = PBXFileReference; lastKnownFileType = text.xcconfig; name = "Arduino Nano ATmega168.xcconfig"; path = "Configurations/Arduino Nano ATmega168.xcconfig"; sourceTree = "<group>"; };
		CDF3B8EC20E808A600B5FCAE /* Arduino Nano ATmega328.xcconfig */ = {isa = PBXFileReference; lastKnownFileType = text.xcconfig; name = "Arduino Nano ATmega328.xcconfig"; path = "Configurations/Arduino Nano ATmega328.xcconfig"; sourceTree = "<group>"; };
		CDF3B8ED20E808A600B5FCAE /* Arduino Robot Control.xcconfig */ = {isa = PBXFileReference; lastKnownFileType = text.xcconfig; name = "Arduino Robot Control.xcconfig"; path = "Configurations/Arduino Robot Control.xcconfig"; sourceTree = "<group>"; };
		CDF3B8EE20E808A600B5FCAE /* Arduino Robot Motor.xcconfig */ = {isa = PBXFileReference; lastKnownFileType = text.xcconfig; name = "Arduino Robot Motor.xcconfig"; path = "Configurations/Arduino Robot Motor.xcconfig"; sourceTree = "<group>"; };
		CDF3B8EF20E808A600B5FCAE /* Arduino Uno.xcconfig */ = {isa = PBXFileReference; lastKnownFileType = text.xcconfig; name = "Arduino Uno.xcconfig"; path = "Configurations/Arduino Uno.xcconfig"; sourceTree = "<group>"; };
		CDF3B8F020E808A600B5FCAE /* Arduino Yun (USB).xcconfig */ = {isa = PBXFileReference; lastKnownFileType = text.xcconfig; name = "Arduino Yun (USB).xcconfig"; path = "Configurations/Arduino Yun (USB).xcconfig"; sourceTree = "<group>"; };
		CDF3B8F120E808A600B5FCAE /* Arduino Zero (Programming Port).xcconfig */ = {isa = PBXFileReference; lastKnownFileType = text.xcconfig; name = "Arduino Zero (Programming Port).xcconfig"; path = "Configurations/Arduino Zero (Programming Port).xcconfig"; sourceTree = "<group>"; };
		CDF3B8F220E808A600B5FCAE /* Arduino M0 Pro (Programming Port).xcconfig */ = {isa = PBXFileReference; lastKnownFileType = text.xcconfig; name = "Arduino M0 Pro (Programming Port).xcconfig"; path = "Configurations/Arduino M0 Pro (Programming Port).xcconfig"; sourceTree = "<group>"; };
		CDF3B8F320E808A600B5FCAE /* Arduino Tian (USB).xcconfig */ = {isa = PBXFileReference; lastKnownFileType = text.xcconfig; name = "Arduino Tian (USB).xcconfig"; path = "Configurations/Arduino Tian (USB).xcconfig"; sourceTree = "<group>"; };
		CDF3B8F420E808A600B5FCAE /* chipKIT DP32.xcconfig */ = {isa = PBXFileReference; lastKnownFileType = text.xcconfig; name = "chipKIT DP32.xcconfig"; path = "Configurations/chipKIT DP32.xcconfig"; sourceTree = "<group>"; };
		CDF3B8F520E808A600B5FCAE /* chipKIT Max32.xcconfig */ = {isa = PBXFileReference; lastKnownFileType = text.xcconfig; name = "chipKIT Max32.xcconfig"; path = "Configurations/chipKIT Max32.xcconfig"; sourceTree = "<group>"; };
		CDF3B8F620E808A600B5FCAE /* chipKIT uC32.xcconfig */ = {isa = PBXFileReference; lastKnownFileType = text.xcconfig; name = "chipKIT uC32.xcconfig"; path = "Configurations/chipKIT uC32.xcconfig"; sourceTree = "<group>"; };
		CDF3B8F720E808A600B5FCAE /* chipKIT Uno32.xcconfig */ = {isa = PBXFileReference; lastKnownFileType = text.xcconfig; name = "chipKIT Uno32.xcconfig"; path = "Configurations/chipKIT Uno32.xcconfig"; sourceTree = "<group>"; };
		CDF3B8F820E808A600B5FCAE /* chipKIT WF32.xcconfig */ = {isa = PBXFileReference; lastKnownFileType = text.xcconfig; name = "chipKIT WF32.xcconfig"; path = "Configurations/chipKIT WF32.xcconfig"; sourceTree = "<group>"; };
		CDF3B8F920E808A600B5FCAE /* chipKIT WiFire Rev.AB.xcconfig */ = {isa = PBXFileReference; lastKnownFileType = text.xcconfig; name = "chipKIT WiFire Rev.AB.xcconfig"; path = "Configurations/chipKIT WiFire Rev.AB.xcconfig"; sourceTree = "<group>"; };
		CDF3B8FA20E808A600B5FCAE /* chipKIT WiFire Rev.C.xcconfig */ = {isa = PBXFileReference; lastKnownFileType = text.xcconfig; name = "chipKIT WiFire Rev.C.xcconfig"; path = "Configurations/chipKIT WiFire Rev.C.xcconfig"; sourceTree = "<group>"; };
		CDF3B8FB20E808A600B5FCAE /* ESP8266.xcconfig */ = {isa = PBXFileReference; lastKnownFileType = text.xcconfig; name = ESP8266.xcconfig; path = Configurations/ESP8266.xcconfig; sourceTree = "<group>"; };
		CDF3B8FC20E808A600B5FCAE /* ftDuino.xcconfig */ = {isa = PBXFileReference; lastKnownFileType = text.xcconfig; name = ftDuino.xcconfig; path = Configurations/ftDuino.xcconfig; sourceTree = "<group>"; };
		CDF3B8FD20E808A600B5FCAE /* NodeMCU 0.9 ESP-12.xcconfig */ = {isa = PBXFileReference; lastKnownFileType = text.xcconfig; name = "NodeMCU 0.9 ESP-12.xcconfig"; path = "Configurations/NodeMCU 0.9 ESP-12.xcconfig"; sourceTree = "<group>"; };
		CDF3B8FE20E808A600B5FCAE /* NodeMCU 1.0 ESP-12E.xcconfig */ = {isa = PBXFileReference; lastKnownFileType = text.xcconfig; name = "NodeMCU 1.0 ESP-12E.xcconfig"; path = "Configurations/NodeMCU 1.0 ESP-12E.xcconfig"; sourceTree = "<group>"; };
		CDF3B8FF20E808A600B5FCAE /* LaunchPad MSP432P401 EMT.xcconfig */ = {isa = PBXFileReference; lastKnownFileType = text.xcconfig; name = "LaunchPad MSP432P401 EMT.xcconfig"; path = "Configurations/LaunchPad MSP432P401 EMT.xcconfig"; sourceTree = "<group>"; };
		CDF3B90020E808A600B5FCAE /* LaunchPad MSP432P401 Red EMT.xcconfig */ = {isa = PBXFileReference; lastKnownFileType = text.xcconfig; name = "LaunchPad MSP432P401 Red EMT.xcconfig"; path = "Configurations/LaunchPad MSP432P401 Red EMT.xcconfig"; sourceTree = "<group>"; };
		CDF3B90120E808A600B5FCAE /* LaunchPad CC3200 WiFi.xcconfig */ = {isa = PBXFileReference; lastKnownFileType = text.xcconfig; name = "LaunchPad CC3200 WiFi.xcconfig"; path = "Configurations/LaunchPad CC3200 WiFi.xcconfig"; sourceTree = "<group>"; };
		CDF3B90220E808A600B5FCAE /* LaunchPad LM4F120 Stellaris.xcconfig */ = {isa = PBXFileReference; lastKnownFileType = text.xcconfig; name = "LaunchPad LM4F120 Stellaris.xcconfig"; path = "Configurations/LaunchPad LM4F120 Stellaris.xcconfig"; sourceTree = "<group>"; };
		CDF3B90320E808A600B5FCAE /* LaunchPad TM4C123 Tiva C.xcconfig */ = {isa = PBXFileReference; lastKnownFileType = text.xcconfig; name = "LaunchPad TM4C123 Tiva C.xcconfig"; path = "Configurations/LaunchPad TM4C123 Tiva C.xcconfig"; sourceTree = "<group>"; };
		CDF3B90420E808A600B5FCAE /* LaunchPad TM4C129 Connected.xcconfig */ = {isa = PBXFileReference; lastKnownFileType = text.xcconfig; name = "LaunchPad TM4C129 Connected.xcconfig"; path = "Configurations/LaunchPad TM4C129 Connected.xcconfig"; sourceTree = "<group>"; };
		CDF3B90520E808A600B5FCAE /* LaunchPad MSP430G2553.xcconfig */ = {isa = PBXFileReference; lastKnownFileType = text.xcconfig; name = "LaunchPad MSP430G2553.xcconfig"; path = "Configurations/LaunchPad MSP430G2553.xcconfig"; sourceTree = "<group>"; };
		CDF3B90620E808A600B5FCAE /* LaunchPad MSP430G2955.xcconfig */ = {isa = PBXFileReference; lastKnownFileType = text.xcconfig; name = "LaunchPad MSP430G2955.xcconfig"; path = "Configurations/LaunchPad MSP430G2955.xcconfig"; sourceTree = "<group>"; };
		CDF3B90720E808A600B5FCAE /* LaunchPad MSP430FR2355.xcconfig */ = {isa = PBXFileReference; lastKnownFileType = text.xcconfig; name = "LaunchPad MSP430FR2355.xcconfig"; path = "Configurations/LaunchPad MSP430FR2355.xcconfig"; sourceTree = "<group>"; };
		CDF3B90820E808A600B5FCAE /* LaunchPad MSP430FR2433.xcconfig */ = {isa = PBXFileReference; lastKnownFileType = text.xcconfig; name = "LaunchPad MSP430FR2433.xcconfig"; path = "Configurations/LaunchPad MSP430FR2433.xcconfig"; sourceTree = "<group>"; };
		CDF3B90920E808A600B5FCAE /* LaunchPad MSP430FR4133.xcconfig */ = {isa = PBXFileReference; lastKnownFileType = text.xcconfig; name = "LaunchPad MSP430FR4133.xcconfig"; path = "Configurations/LaunchPad MSP430FR4133.xcconfig"; sourceTree = "<group>"; };
		CDF3B90A20E808A600B5FCAE /* LaunchPad MSP430F5529.xcconfig */ = {isa = PBXFileReference; lastKnownFileType = text.xcconfig; name = "LaunchPad MSP430F5529.xcconfig"; path = "Configurations/LaunchPad MSP430F5529.xcconfig"; sourceTree = "<group>"; };
		CDF3B90B20E808A600B5FCAE /* LaunchPad MSP430FR5969.xcconfig */ = {isa = PBXFileReference; lastKnownFileType = text.xcconfig; name = "LaunchPad MSP430FR5969.xcconfig"; path = "Configurations/LaunchPad MSP430FR5969.xcconfig"; sourceTree = "<group>"; };
		CDF3B90C20E808A600B5FCAE /* LaunchPad MSP430FR6989.xcconfig */ = {isa = PBXFileReference; lastKnownFileType = text.xcconfig; name = "LaunchPad MSP430FR6989.xcconfig"; path = "Configurations/LaunchPad MSP430FR6989.xcconfig"; sourceTree = "<group>"; };
		CDF3B90D20E808A600B5FCAE /* Teensy 2.0.xcconfig */ = {isa = PBXFileReference; lastKnownFileType = text.xcconfig; name = "Teensy 2.0.xcconfig"; path = "Configurations/Teensy 2.0.xcconfig"; sourceTree = "<group>"; };
		CDF3B90E20E808A600B5FCAE /* Teensy 3.0.xcconfig */ = {isa = PBXFileReference; lastKnownFileType = text.xcconfig; name = "Teensy 3.0.xcconfig"; path = "Configurations/Teensy 3.0.xcconfig"; sourceTree = "<group>"; };
		CDF3B90F20E808A600B5FCAE /* Teensy 3.1.xcconfig */ = {isa = PBXFileReference; lastKnownFileType = text.xcconfig; name = "Teensy 3.1.xcconfig"; path = "Configurations/Teensy 3.1.xcconfig"; sourceTree = "<group>"; };
		CDF3B91020E808A600B5FCAE /* Teensy 3.2.xcconfig */ = {isa = PBXFileReference; lastKnownFileType = text.xcconfig; name = "Teensy 3.2.xcconfig"; path = "Configurations/Teensy 3.2.xcconfig"; sourceTree = "<group>"; };
		CDF3B91120E808A600B5FCAE /* Teensy 3.5.xcconfig */ = {isa = PBXFileReference; lastKnownFileType = text.xcconfig; name = "Teensy 3.5.xcconfig"; path = "Configurations/Teensy 3.5.xcconfig"; sourceTree = "<group>"; };
		CDF3B91220E808A600B5FCAE /* Teensy 3.6.xcconfig */ = {isa = PBXFileReference; lastKnownFileType = text.xcconfig; name = "Teensy 3.6.xcconfig"; path = "Configurations/Teensy 3.6.xcconfig"; sourceTree = "<group>"; };
		CDF3B91320E808A600B5FCAE /* Teensy LC.xcconfig */ = {isa = PBXFileReference; lastKnownFileType = text.xcconfig; name = "Teensy LC.xcconfig"; path = "Configurations/Teensy LC.xcconfig"; sourceTree = "<group>"; };
		CDF3B91520E808A600B5FCAE /* ArduinoAVR_180.mk */ = {isa = PBXFileReference; lastKnownFileType = text; name = ArduinoAVR_180.mk; path = Makefiles/ArduinoAVR_180.mk; sourceTree = "<group>"; };
		CDF3B91620E808A600B5FCAE /* ArduinoAVR_181.mk */ = {isa = PBXFileReference; lastKnownFileType = text; name = ArduinoAVR_181.mk; path = Makefiles/ArduinoAVR_181.mk; sourceTree = "<group>"; };
		CDF3B91720E808A600B5FCAE /* ArduinoSAM_180.mk */ = {isa = PBXFileReference; lastKnownFileType = text; name = ArduinoSAM_180.mk; path = Makefiles/ArduinoSAM_180.mk; sourceTree = "<group>"; };
		CDF3B91820E808A600B5FCAE /* ArduinoSAMD_180.mk */ = {isa = PBXFileReference; lastKnownFileType = text; name = ArduinoSAMD_180.mk; path = Makefiles/ArduinoSAMD_180.mk; sourceTree = "<group>"; };
		CDF3B91920E808A600B5FCAE /* chipKIT_180.mk */ = {isa = PBXFileReference; lastKnownFileType = text; name = chipKIT_180.mk; path = Makefiles/chipKIT_180.mk; sourceTree = "<group>"; };
		CDF3B91A20E808A600B5FCAE /* EnergiaMSP430_18.mk */ = {isa = PBXFileReference; lastKnownFileType = text; name = EnergiaMSP430_18.mk; path = Makefiles/EnergiaMSP430_18.mk; sourceTree = "<group>"; };
		CDF3B91B20E808A600B5FCAE /* EnergiaMSP430_19.mk */ = {isa = PBXFileReference; lastKnownFileType = text; name = EnergiaMSP430_19.mk; path = Makefiles/EnergiaMSP430_19.mk; sourceTree = "<group>"; };
		CDF3B91C20E808A600B5FCAE /* EnergiaMSP432EMT_18.mk */ = {isa = PBXFileReference; lastKnownFileType = text; name = EnergiaMSP432EMT_18.mk; path = Makefiles/EnergiaMSP432EMT_18.mk; sourceTree = "<group>"; };
		CDF3B91D20E808A600B5FCAE /* EnergiaMSP432REDEMT_18.mk */ = {isa = PBXFileReference; lastKnownFileType = text; name = EnergiaMSP432REDEMT_18.mk; path = Makefiles/EnergiaMSP432REDEMT_18.mk; sourceTree = "<group>"; };
		CDF3B91E20E808A600B5FCAE /* EnergiaTIVAC_18.mk */ = {isa = PBXFileReference; lastKnownFileType = text; name = EnergiaTIVAC_18.mk; path = Makefiles/EnergiaTIVAC_18.mk; sourceTree = "<group>"; };
		CDF3B91F20E808A600B5FCAE /* EnergiaCC3200_18.mk */ = {isa = PBXFileReference; lastKnownFileType = text; name = EnergiaCC3200_18.mk; path = Makefiles/EnergiaCC3200_18.mk; sourceTree = "<group>"; };
		CDF3B92020E808A600B5FCAE /* EnergiaCC3200EMT_18.mk */ = {isa = PBXFileReference; lastKnownFileType = text; name = EnergiaCC3200EMT_18.mk; path = Makefiles/EnergiaCC3200EMT_18.mk; sourceTree = "<group>"; };
		CDF3B92120E808A600B5FCAE /* ESP8266_180.mk */ = {isa = PBXFileReference; lastKnownFileType = text; name = ESP8266_180.mk; path = Makefiles/ESP8266_180.mk; sourceTree = "<group>"; };
		CDF3B92220E808A600B5FCAE /* ftDuino_180.mk */ = {isa = PBXFileReference; lastKnownFileType = text; name = ftDuino_180.mk; path = Makefiles/ftDuino_180.mk; sourceTree = "<group>"; };
		CDF3B92320E808A600B5FCAE /* Teensy.mk */ = {isa = PBXFileReference; lastKnownFileType = text; name = Teensy.mk; path = Makefiles/Teensy.mk; sourceTree = "<group>"; };
		CDF3B92420E808A600B5FCAE /* Teensy2.mk */ = {isa = PBXFileReference; lastKnownFileType = text; name = Teensy2.mk; path = Makefiles/Teensy2.mk; sourceTree = "<group>"; };
		CDF3B92520E808A600B5FCAE /* Teensy3.mk */ = {isa = PBXFileReference; lastKnownFileType = text; name = Teensy3.mk; path = Makefiles/Teensy3.mk; sourceTree = "<group>"; };
		CDF3B92620E808A600B5FCAE /* About.mk */ = {isa = PBXFileReference; lastKnownFileType = text; name = About.mk; path = Makefiles/About.mk; sourceTree = "<group>"; };
		CDF3B92720E808A600B5FCAE /* Step1.mk */ = {isa = PBXFileReference; lastKnownFileType = text; name = Step1.mk; path = Makefiles/Step1.mk; sourceTree = "<group>"; };
		CDF3B92820E808A600B5FCAE /* Step2.mk */ = {isa = PBXFileReference; lastKnownFileType = text; name = Step2.mk; path = Makefiles/Step2.mk; sourceTree = "<group>"; };
		CDF3B92920E808A600B5FCAE /* Avrdude.mk */ = {isa = PBXFileReference; lastKnownFileType = text; name = Avrdude.mk; path = Makefiles/Avrdude.mk; sourceTree = "<group>"; };
		CDF3B92B20E808A600B5FCAE /* reset_1200.py */ = {isa = PBXFileReference; lastKnownFileType = text.script.python; name = reset_1200.py; path = Utilities/reset_1200.py; sourceTree = "<group>"; };
		CDF3B92C20E808A600B5FCAE /* embedXcode_prepare */ = {isa = PBXFileReference; lastKnownFileType = "compiled.mach-o.executable"; name = embedXcode_prepare; path = Utilities/embedXcode_prepare; sourceTree = "<group>"; };
		CDF3B92D20E808A600B5FCAE /* embedXcode_check */ = {isa = PBXFileReference; lastKnownFileType = "compiled.mach-o.executable"; name = embedXcode_check; path = Utilities/embedXcode_check; sourceTree = "<group>"; };
		CDF3B92E20E808A600B5FCAE /* embedXcode_chrono */ = {isa = PBXFileReference; lastKnownFileType = "compiled.mach-o.executable"; name = embedXcode_chrono; path = Utilities/embedXcode_chrono; sourceTree = "<group>"; };
		CDF3B92F20E808A600B5FCAE /* TemplateIcon.icns */ = {isa = PBXFileReference; lastKnownFileType = image.icns; name = TemplateIcon.icns; path = Utilities/TemplateIcon.icns; sourceTree = "<group>"; };
		CDF3B93020E808A600B5FCAE /* RadioTuner.ino */ = {isa = PBXFileReference; lastKnownFileType = text; path = RadioTuner.ino; sourceTree = "<group>"; };
/* End PBXFileReference section */

/* Begin PBXGroup section */
		CDF3B8CB20E808A500B5FCAE = {
			isa = PBXGroup;
			children = (
				CDF3B8D920E808A500B5FCAE /* RadioTuner */,
				CDF3B8D820E808A500B5FCAE /* Products */,
			);
			sourceTree = "<group>";
		};
		CDF3B8D820E808A500B5FCAE /* Products */ = {
			isa = PBXGroup;
			children = (
				CDF3B8D720E808A500B5FCAE /* Index */,
			);
			name = Products;
			sourceTree = "<group>";
		};
		CDF3B8D920E808A500B5FCAE /* RadioTuner */ = {
			isa = PBXGroup;
			children = (
				CDF3B8DA20E808A500B5FCAE /* main.cpp */,
				CDF3B8DC20E808A500B5FCAE /* Makefile */,
				CDF3B8DE20E808A500B5FCAE /* ReadMe.txt */,
				CDF3B93020E808A600B5FCAE /* RadioTuner.ino */,
				CDF3B8DF20E808A500B5FCAE /* Sketchbook */,
				CDF3B8E120E808A500B5FCAE /* Configurations */,
				CDF3B91420E808A600B5FCAE /* Makefiles */,
				CDF3B92A20E808A600B5FCAE /* Utilities */,
			);
			path = RadioTuner;
			sourceTree = "<group>";
		};
		CDF3B8DF20E808A500B5FCAE /* Sketchbook */ = {
			isa = PBXGroup;
			children = (
				CDF3B8E020E808A500B5FCAE /* Sketchbook.txt */,
			);
			name = Sketchbook;
			sourceTree = "<group>";
		};
		CDF3B8E120E808A500B5FCAE /* Configurations */ = {
			isa = PBXGroup;
			children = (
				CDF3B8E220E808A500B5FCAE /* Arduino Due (Programming Port).xcconfig */,
				CDF3B8E320E808A500B5FCAE /* Arduino Duemilanove.xcconfig */,
				CDF3B8E420E808A500B5FCAE /* Arduino Leonardo.xcconfig */,
				CDF3B8E520E808A500B5FCAE /* Arduino Mega 2560.xcconfig */,
				CDF3B8E620E808A600B5FCAE /* Arduino Micro.xcconfig */,
				CDF3B8E720E808A600B5FCAE /* Arduino Pro ATmega328-3.3V.xcconfig */,
				CDF3B8E820E808A600B5FCAE /* Arduino Pro ATmega328-5V.xcconfig */,
				CDF3B8E920E808A600B5FCAE /* Arduino Mini ATmega168.xcconfig */,
				CDF3B8EA20E808A600B5FCAE /* Arduino Mini ATmega328.xcconfig */,
				CDF3B8EB20E808A600B5FCAE /* Arduino Nano ATmega168.xcconfig */,
				CDF3B8EC20E808A600B5FCAE /* Arduino Nano ATmega328.xcconfig */,
				CDF3B8ED20E808A600B5FCAE /* Arduino Robot Control.xcconfig */,
				CDF3B8EE20E808A600B5FCAE /* Arduino Robot Motor.xcconfig */,
				CDF3B8EF20E808A600B5FCAE /* Arduino Uno.xcconfig */,
				CDF3B8F020E808A600B5FCAE /* Arduino Yun (USB).xcconfig */,
				CDF3B8F120E808A600B5FCAE /* Arduino Zero (Programming Port).xcconfig */,
				CDF3B8F220E808A600B5FCAE /* Arduino M0 Pro (Programming Port).xcconfig */,
				CDF3B8F320E808A600B5FCAE /* Arduino Tian (USB).xcconfig */,
				CDF3B8F420E808A600B5FCAE /* chipKIT DP32.xcconfig */,
				CDF3B8F520E808A600B5FCAE /* chipKIT Max32.xcconfig */,
				CDF3B8F620E808A600B5FCAE /* chipKIT uC32.xcconfig */,
				CDF3B8F720E808A600B5FCAE /* chipKIT Uno32.xcconfig */,
				CDF3B8F820E808A600B5FCAE /* chipKIT WF32.xcconfig */,
				CDF3B8F920E808A600B5FCAE /* chipKIT WiFire Rev.AB.xcconfig */,
				CDF3B8FA20E808A600B5FCAE /* chipKIT WiFire Rev.C.xcconfig */,
				CDF3B8FB20E808A600B5FCAE /* ESP8266.xcconfig */,
				CDF3B8FC20E808A600B5FCAE /* ftDuino.xcconfig */,
				CDF3B8FD20E808A600B5FCAE /* NodeMCU 0.9 ESP-12.xcconfig */,
				CDF3B8FE20E808A600B5FCAE /* NodeMCU 1.0 ESP-12E.xcconfig */,
				CDF3B8FF20E808A600B5FCAE /* LaunchPad MSP432P401 EMT.xcconfig */,
				CDF3B90020E808A600B5FCAE /* LaunchPad MSP432P401 Red EMT.xcconfig */,
				CDF3B90120E808A600B5FCAE /* LaunchPad CC3200 WiFi.xcconfig */,
				CDF3B90220E808A600B5FCAE /* LaunchPad LM4F120 Stellaris.xcconfig */,
				CDF3B90320E808A600B5FCAE /* LaunchPad TM4C123 Tiva C.xcconfig */,
				CDF3B90420E808A600B5FCAE /* LaunchPad TM4C129 Connected.xcconfig */,
				CDF3B90520E808A600B5FCAE /* LaunchPad MSP430G2553.xcconfig */,
				CDF3B90620E808A600B5FCAE /* LaunchPad MSP430G2955.xcconfig */,
				CDF3B90720E808A600B5FCAE /* LaunchPad MSP430FR2355.xcconfig */,
				CDF3B90820E808A600B5FCAE /* LaunchPad MSP430FR2433.xcconfig */,
				CDF3B90920E808A600B5FCAE /* LaunchPad MSP430FR4133.xcconfig */,
				CDF3B90A20E808A600B5FCAE /* LaunchPad MSP430F5529.xcconfig */,
				CDF3B90B20E808A600B5FCAE /* LaunchPad MSP430FR5969.xcconfig */,
				CDF3B90C20E808A600B5FCAE /* LaunchPad MSP430FR6989.xcconfig */,
				CDF3B90D20E808A600B5FCAE /* Teensy 2.0.xcconfig */,
				CDF3B90E20E808A600B5FCAE /* Teensy 3.0.xcconfig */,
				CDF3B90F20E808A600B5FCAE /* Teensy 3.1.xcconfig */,
				CDF3B91020E808A600B5FCAE /* Teensy 3.2.xcconfig */,
				CDF3B91120E808A600B5FCAE /* Teensy 3.5.xcconfig */,
				CDF3B91220E808A600B5FCAE /* Teensy 3.6.xcconfig */,
				CDF3B91320E808A600B5FCAE /* Teensy LC.xcconfig */,
			);
			name = Configurations;
			sourceTree = "<group>";
		};
		CDF3B91420E808A600B5FCAE /* Makefiles */ = {
			isa = PBXGroup;
			children = (
				CDF3B91520E808A600B5FCAE /* ArduinoAVR_180.mk */,
				CDF3B91620E808A600B5FCAE /* ArduinoAVR_181.mk */,
				CDF3B91720E808A600B5FCAE /* ArduinoSAM_180.mk */,
				CDF3B91820E808A600B5FCAE /* ArduinoSAMD_180.mk */,
				CDF3B91920E808A600B5FCAE /* chipKIT_180.mk */,
				CDF3B91A20E808A600B5FCAE /* EnergiaMSP430_18.mk */,
				CDF3B91B20E808A600B5FCAE /* EnergiaMSP430_19.mk */,
				CDF3B91C20E808A600B5FCAE /* EnergiaMSP432EMT_18.mk */,
				CDF3B91D20E808A600B5FCAE /* EnergiaMSP432REDEMT_18.mk */,
				CDF3B91E20E808A600B5FCAE /* EnergiaTIVAC_18.mk */,
				CDF3B91F20E808A600B5FCAE /* EnergiaCC3200_18.mk */,
				CDF3B92020E808A600B5FCAE /* EnergiaCC3200EMT_18.mk */,
				CDF3B92120E808A600B5FCAE /* ESP8266_180.mk */,
				CDF3B92220E808A600B5FCAE /* ftDuino_180.mk */,
				CDF3B92320E808A600B5FCAE /* Teensy.mk */,
				CDF3B92420E808A600B5FCAE /* Teensy2.mk */,
				CDF3B92520E808A600B5FCAE /* Teensy3.mk */,
				CDF3B92620E808A600B5FCAE /* About.mk */,
				CDF3B92720E808A600B5FCAE /* Step1.mk */,
				CDF3B92820E808A600B5FCAE /* Step2.mk */,
				CDF3B92920E808A600B5FCAE /* Avrdude.mk */,
			);
			name = Makefiles;
			sourceTree = "<group>";
		};
		CDF3B92A20E808A600B5FCAE /* Utilities */ = {
			isa = PBXGroup;
			children = (
				CDF3B92B20E808A600B5FCAE /* reset_1200.py */,
				CDF3B92C20E808A600B5FCAE /* embedXcode_prepare */,
				CDF3B92D20E808A600B5FCAE /* embedXcode_check */,
				CDF3B92E20E808A600B5FCAE /* embedXcode_chrono */,
				CDF3B92F20E808A600B5FCAE /* TemplateIcon.icns */,
			);
			name = Utilities;
			sourceTree = "<group>";
		};
/* End PBXGroup section */

/* Begin PBXLegacyTarget section */
		CDF3B8D020E808A500B5FCAE /* Build */ = {
			isa = PBXLegacyTarget;
			buildArgumentsString = "build -C \"$(PROJECT)\"";
			buildConfigurationList = CDF3B93320E808A600B5FCAE /* Build configuration list for PBXLegacyTarget "Build" */;
			buildPhases = (
			);
			buildToolPath = make;
			dependencies = (
			);
			name = Build;
			passBuildSettingsInEnvironment = 1;
			productName = Build;
		};
		CDF3B8D120E808A500B5FCAE /* All */ = {
			isa = PBXLegacyTarget;
			buildArgumentsString = "all -C \"$(PROJECT)\"";
			buildConfigurationList = CDF3B93620E808A600B5FCAE /* Build configuration list for PBXLegacyTarget "All" */;
			buildPhases = (
			);
			buildToolPath = make;
			dependencies = (
			);
			name = All;
			passBuildSettingsInEnvironment = 1;
			productName = All;
		};
		CDF3B8D220E808A500B5FCAE /* Boards */ = {
			isa = PBXLegacyTarget;
			buildArgumentsString = "boards -C \"$(PROJECT)\"";
			buildConfigurationList = CDF3B93920E808A600B5FCAE /* Build configuration list for PBXLegacyTarget "Boards" */;
			buildPhases = (
			);
			buildToolPath = make;
			dependencies = (
			);
			name = Boards;
			passBuildSettingsInEnvironment = 1;
			productName = Boards;
		};
		CDF3B8D320E808A500B5FCAE /* Serial */ = {
			isa = PBXLegacyTarget;
			buildArgumentsString = "serial -C \"$(PROJECT)\"";
			buildConfigurationList = CDF3B93C20E808A600B5FCAE /* Build configuration list for PBXLegacyTarget "Serial" */;
			buildPhases = (
			);
			buildToolPath = make;
			dependencies = (
			);
			name = Serial;
			passBuildSettingsInEnvironment = 1;
			productName = Serial;
		};
		CDF3B8D420E808A500B5FCAE /* Upload */ = {
			isa = PBXLegacyTarget;
			buildArgumentsString = "upload -C \"$(PROJECT)\"";
			buildConfigurationList = CDF3B93F20E808A600B5FCAE /* Build configuration list for PBXLegacyTarget "Upload" */;
			buildPhases = (
			);
			buildToolPath = make;
			dependencies = (
			);
			name = Upload;
			passBuildSettingsInEnvironment = 1;
			productName = Upload;
		};
/* End PBXLegacyTarget section */

/* Begin PBXNativeTarget section */
		CDF3B8D620E808A500B5FCAE /* Index */ = {
			isa = PBXNativeTarget;
			buildConfigurationList = CDF3B94220E808A600B5FCAE /* Build configuration list for PBXNativeTarget "Index" */;
			buildPhases = (
				CDF3B8D520E808A500B5FCAE /* Sources */,
			);
			buildRules = (
			);
			dependencies = (
			);
			name = Index;
			productName = Index;
			productReference = CDF3B8D720E808A500B5FCAE /* Index */;
			productType = "com.apple.product-type.tool";
		};
/* End PBXNativeTarget section */

/* Begin PBXProject section */
		CDF3B8CC20E808A500B5FCAE /* Project object */ = {
			isa = PBXProject;
			attributes = {
				LastUpgradeCheck = 0940;
				ORGANIZATIONNAME = "Doug Mason";
				TargetAttributes = {
					CDF3B8D020E808A500B5FCAE = {
						CreatedOnToolsVersion = 9.4.1;
					};
					CDF3B8D120E808A500B5FCAE = {
						CreatedOnToolsVersion = 9.4.1;
					};
					CDF3B8D220E808A500B5FCAE = {
						CreatedOnToolsVersion = 9.4.1;
					};
					CDF3B8D320E808A500B5FCAE = {
						CreatedOnToolsVersion = 9.4.1;
					};
					CDF3B8D420E808A500B5FCAE = {
						CreatedOnToolsVersion = 9.4.1;
					};
					CDF3B8D620E808A500B5FCAE = {
						CreatedOnToolsVersion = 9.4.1;
					};
				};
			};
			buildConfigurationList = CDF3B8CF20E808A500B5FCAE /* Build configuration list for PBXProject "RadioTuner" */;
			compatibilityVersion = "Xcode 9.3";
			developmentRegion = en;
			hasScannedForEncodings = 0;
			knownRegions = (
				en,
			);
			mainGroup = CDF3B8CB20E808A500B5FCAE;
			productRefGroup = CDF3B8D820E808A500B5FCAE /* Products */;
			projectDirPath = "";
			projectRoot = "";
			targets = (
				CDF3B8D020E808A500B5FCAE /* Build */,
				CDF3B8D120E808A500B5FCAE /* All */,
				CDF3B8D220E808A500B5FCAE /* Boards */,
				CDF3B8D320E808A500B5FCAE /* Serial */,
				CDF3B8D420E808A500B5FCAE /* Upload */,
				CDF3B8D620E808A500B5FCAE /* Index */,
			);
		};
/* End PBXProject section */

/* Begin PBXSourcesBuildPhase section */
		CDF3B8D520E808A500B5FCAE /* Sources */ = {
			isa = PBXSourcesBuildPhase;
			buildActionMask = 2147483647;
			files = (
				CDF3B8DD20E808A500B5FCAE /* Makefile in Sources */,
				CDF3B8DB20E808A500B5FCAE /* main.cpp in Sources */,
			);
			runOnlyForDeploymentPostprocessing = 0;
		};
/* End PBXSourcesBuildPhase section */

/* Begin XCBuildConfiguration section */
		CDF3B93120E808A600B5FCAE /* Debug */ = {
			isa = XCBuildConfiguration;
			baseConfigurationReference = CDF3B8EF20E808A600B5FCAE /* Arduino Uno.xcconfig */;
			buildSettings = {
				ALWAYS_SEARCH_USER_PATHS = NO;
				CLANG_ANALYZER_NONNULL = YES;
				CLANG_ANALYZER_NUMBER_OBJECT_CONVERSION = YES_AGGRESSIVE;
				CLANG_CXX_LANGUAGE_STANDARD = "gnu++14";
				CLANG_CXX_LIBRARY = "libc++";
				CLANG_ENABLE_MODULES = YES;
				CLANG_ENABLE_OBJC_ARC = YES;
				CLANG_ENABLE_OBJC_WEAK = YES;
				CLANG_WARN_BLOCK_CAPTURE_AUTORELEASING = YES;
				CLANG_WARN_BOOL_CONVERSION = YES;
				CLANG_WARN_COMMA = YES;
				CLANG_WARN_CONSTANT_CONVERSION = YES;
				CLANG_WARN_DEPRECATED_OBJC_IMPLEMENTATIONS = YES;
				CLANG_WARN_DIRECT_OBJC_ISA_USAGE = YES_ERROR;
				CLANG_WARN_DOCUMENTATION_COMMENTS = YES;
				CLANG_WARN_EMPTY_BODY = YES;
				CLANG_WARN_ENUM_CONVERSION = YES;
				CLANG_WARN_INFINITE_RECURSION = YES;
				CLANG_WARN_INT_CONVERSION = YES;
				CLANG_WARN_NON_LITERAL_NULL_CONVERSION = YES;
				CLANG_WARN_OBJC_IMPLICIT_RETAIN_SELF = YES;
				CLANG_WARN_OBJC_LITERAL_CONVERSION = YES;
				CLANG_WARN_OBJC_ROOT_CLASS = YES_ERROR;
				CLANG_WARN_RANGE_LOOP_ANALYSIS = YES;
				CLANG_WARN_STRICT_PROTOTYPES = YES;
				CLANG_WARN_SUSPICIOUS_MOVE = YES;
				CLANG_WARN_UNGUARDED_AVAILABILITY = YES_AGGRESSIVE;
				CLANG_WARN_UNREACHABLE_CODE = YES;
				CLANG_WARN__DUPLICATE_METHOD_MATCH = YES;
				COPY_PHASE_STRIP = NO;
				DEBUG_INFORMATION_FORMAT = dwarf;
				ENABLE_STRICT_OBJC_MSGSEND = YES;
				ENABLE_TESTABILITY = YES;
				GCC_C_LANGUAGE_STANDARD = gnu11;
				GCC_DYNAMIC_NO_PIC = NO;
				GCC_NO_COMMON_BLOCKS = YES;
				GCC_OPTIMIZATION_LEVEL = 0;
				GCC_PREPROCESSOR_DEFINITIONS = (
					"DEBUG=1",
					"$(inherited)",
				);
				GCC_WARN_64_TO_32_BIT_CONVERSION = YES;
				GCC_WARN_ABOUT_RETURN_TYPE = YES_ERROR;
				GCC_WARN_UNDECLARED_SELECTOR = YES;
				GCC_WARN_UNINITIALIZED_AUTOS = YES_AGGRESSIVE;
				GCC_WARN_UNUSED_FUNCTION = YES;
				GCC_WARN_UNUSED_VARIABLE = YES;
				HEADER_SEARCH_PATHS = "$(inherited)";
				MTL_ENABLE_DEBUG_INFO = YES;
				ONLY_ACTIVE_ARCH = YES;
				PATH = "$(PATH):$(PROJECT_DIR)";
				PRODUCT_NAME = "$(TARGET_NAME)";
				SKETCHBOOK_DIR = "";
				UPDATE_POLICY = 0;
			};
			name = Debug;
		};
		CDF3B93220E808A600B5FCAE /* Release */ = {
			isa = XCBuildConfiguration;
			buildSettings = {
				ALWAYS_SEARCH_USER_PATHS = NO;
				CLANG_ANALYZER_NONNULL = YES;
				CLANG_ANALYZER_NUMBER_OBJECT_CONVERSION = YES_AGGRESSIVE;
				CLANG_CXX_LANGUAGE_STANDARD = "gnu++14";
				CLANG_CXX_LIBRARY = "libc++";
				CLANG_ENABLE_MODULES = YES;
				CLANG_ENABLE_OBJC_ARC = YES;
				CLANG_ENABLE_OBJC_WEAK = YES;
				CLANG_WARN_BLOCK_CAPTURE_AUTORELEASING = YES;
				CLANG_WARN_BOOL_CONVERSION = YES;
				CLANG_WARN_COMMA = YES;
				CLANG_WARN_CONSTANT_CONVERSION = YES;
				CLANG_WARN_DEPRECATED_OBJC_IMPLEMENTATIONS = YES;
				CLANG_WARN_DIRECT_OBJC_ISA_USAGE = YES_ERROR;
				CLANG_WARN_DOCUMENTATION_COMMENTS = YES;
				CLANG_WARN_EMPTY_BODY = YES;
				CLANG_WARN_ENUM_CONVERSION = YES;
				CLANG_WARN_INFINITE_RECURSION = YES;
				CLANG_WARN_INT_CONVERSION = YES;
				CLANG_WARN_NON_LITERAL_NULL_CONVERSION = YES;
				CLANG_WARN_OBJC_IMPLICIT_RETAIN_SELF = YES;
				CLANG_WARN_OBJC_LITERAL_CONVERSION = YES;
				CLANG_WARN_OBJC_ROOT_CLASS = YES_ERROR;
				CLANG_WARN_RANGE_LOOP_ANALYSIS = YES;
				CLANG_WARN_STRICT_PROTOTYPES = YES;
				CLANG_WARN_SUSPICIOUS_MOVE = YES;
				CLANG_WARN_UNGUARDED_AVAILABILITY = YES_AGGRESSIVE;
				CLANG_WARN_UNREACHABLE_CODE = YES;
				CLANG_WARN__DUPLICATE_METHOD_MATCH = YES;
				COPY_PHASE_STRIP = NO;
				DEBUG_INFORMATION_FORMAT = "dwarf-with-dsym";
				ENABLE_NS_ASSERTIONS = NO;
				ENABLE_STRICT_OBJC_MSGSEND = YES;
				GCC_C_LANGUAGE_STANDARD = gnu11;
				GCC_NO_COMMON_BLOCKS = YES;
				GCC_WARN_64_TO_32_BIT_CONVERSION = YES;
				GCC_WARN_ABOUT_RETURN_TYPE = YES_ERROR;
				GCC_WARN_UNDECLARED_SELECTOR = YES;
				GCC_WARN_UNINITIALIZED_AUTOS = YES_AGGRESSIVE;
				GCC_WARN_UNUSED_FUNCTION = YES;
				GCC_WARN_UNUSED_VARIABLE = YES;
				HEADER_SEARCH_PATHS = "$(inherited)";
				MTL_ENABLE_DEBUG_INFO = NO;
				PATH = "$(PATH):$(PROJECT_DIR)";
				PRODUCT_NAME = "$(TARGET_NAME)";
				SKETCHBOOK_DIR = "";
				UPDATE_POLICY = 0;
			};
			name = Release;
		};
		CDF3B93420E808A600B5FCAE /* Debug */ = {
			isa = XCBuildConfiguration;
			buildSettings = {
				CODE_SIGN_STYLE = Automatic;
				DEVELOPMENT_TEAM = 3K3569JFML;
				PRODUCT_NAME = "$(TARGET_NAME)";
			};
			name = Debug;
		};
		CDF3B93520E808A600B5FCAE /* Release */ = {
			isa = XCBuildConfiguration;
			buildSettings = {
				CODE_SIGN_STYLE = Automatic;
				DEVELOPMENT_TEAM = 3K3569JFML;
				PRODUCT_NAME = "$(TARGET_NAME)";
			};
			name = Release;
		};
		CDF3B93720E808A600B5FCAE /* Debug */ = {
			isa = XCBuildConfiguration;
			buildSettings = {
				CODE_SIGN_STYLE = Automatic;
				DEVELOPMENT_TEAM = 3K3569JFML;
			};
			name = Debug;
		};
		CDF3B93820E808A600B5FCAE /* Release */ = {
			isa = XCBuildConfiguration;
			buildSettings = {
				CODE_SIGN_STYLE = Automatic;
				DEVELOPMENT_TEAM = 3K3569JFML;
			};
			name = Release;
		};
		CDF3B93A20E808A600B5FCAE /* Debug */ = {
			isa = XCBuildConfiguration;
			buildSettings = {
				CODE_SIGN_STYLE = Automatic;
				DEVELOPMENT_TEAM = 3K3569JFML;
			};
			name = Debug;
		};
		CDF3B93B20E808A600B5FCAE /* Release */ = {
			isa = XCBuildConfiguration;
			buildSettings = {
				CODE_SIGN_STYLE = Automatic;
				DEVELOPMENT_TEAM = 3K3569JFML;
			};
			name = Release;
		};
		CDF3B93D20E808A600B5FCAE /* Debug */ = {
			isa = XCBuildConfiguration;
			buildSettings = {
				CODE_SIGN_STYLE = Automatic;
				DEVELOPMENT_TEAM = 3K3569JFML;
			};
			name = Debug;
		};
		CDF3B93E20E808A600B5FCAE /* Release */ = {
			isa = XCBuildConfiguration;
			buildSettings = {
				CODE_SIGN_STYLE = Automatic;
				DEVELOPMENT_TEAM = 3K3569JFML;
			};
			name = Release;
		};
		CDF3B94020E808A600B5FCAE /* Debug */ = {
			isa = XCBuildConfiguration;
			buildSettings = {
				CODE_SIGN_STYLE = Automatic;
				DEVELOPMENT_TEAM = 3K3569JFML;
			};
			name = Debug;
		};
		CDF3B94120E808A600B5FCAE /* Release */ = {
			isa = XCBuildConfiguration;
			buildSettings = {
				CODE_SIGN_STYLE = Automatic;
				DEVELOPMENT_TEAM = 3K3569JFML;
			};
			name = Release;
		};
		CDF3B94320E808A600B5FCAE /* Debug */ = {
			isa = XCBuildConfiguration;
			buildSettings = {
				CODE_SIGN_STYLE = Automatic;
				DEVELOPMENT_TEAM = 3K3569JFML;
			};
			name = Debug;
		};
		CDF3B94420E808A600B5FCAE /* Release */ = {
			isa = XCBuildConfiguration;
			buildSettings = {
				CODE_SIGN_STYLE = Automatic;
				DEVELOPMENT_TEAM = 3K3569JFML;
			};
			name = Release;
		};
/* End XCBuildConfiguration section */

/* Begin XCConfigurationList section */
		CDF3B8CF20E808A500B5FCAE /* Build configuration list for PBXProject "RadioTuner" */ = {
			isa = XCConfigurationList;
			buildConfigurations = (
				CDF3B93120E808A600B5FCAE /* Debug */,
				CDF3B93220E808A600B5FCAE /* Release */,
			);
			defaultConfigurationIsVisible = 0;
			defaultConfigurationName = Release;
		};
		CDF3B93320E808A600B5FCAE /* Build configuration list for PBXLegacyTarget "Build" */ = {
			isa = XCConfigurationList;
			buildConfigurations = (
				CDF3B93420E808A600B5FCAE /* Debug */,
				CDF3B93520E808A600B5FCAE /* Release */,
			);
			defaultConfigurationIsVisible = 0;
			defaultConfigurationName = Release;
		};
		CDF3B93620E808A600B5FCAE /* Build configuration list for PBXLegacyTarget "All" */ = {
			isa = XCConfigurationList;
			buildConfigurations = (
				CDF3B93720E808A600B5FCAE /* Debug */,
				CDF3B93820E808A600B5FCAE /* Release */,
			);
			defaultConfigurationIsVisible = 0;
			defaultConfigurationName = Release;
		};
		CDF3B93920E808A600B5FCAE /* Build configuration list for PBXLegacyTarget "Boards" */ = {
			isa = XCConfigurationList;
			buildConfigurations = (
				CDF3B93A20E808A600B5FCAE /* Debug */,
				CDF3B93B20E808A600B5FCAE /* Release */,
			);
			defaultConfigurationIsVisible = 0;
			defaultConfigurationName = Release;
		};
		CDF3B93C20E808A600B5FCAE /* Build configuration list for PBXLegacyTarget "Serial" */ = {
			isa = XCConfigurationList;
			buildConfigurations = (
				CDF3B93D20E808A600B5FCAE /* Debug */,
				CDF3B93E20E808A600B5FCAE /* Release */,
			);
			defaultConfigurationIsVisible = 0;
			defaultConfigurationName = Release;
		};
		CDF3B93F20E808A600B5FCAE /* Build configuration list for PBXLegacyTarget "Upload" */ = {
			isa = XCConfigurationList;
			buildConfigurations = (
				CDF3B94020E808A600B5FCAE /* Debug */,
				CDF3B94120E808A600B5FCAE /* Release */,
			);
			defaultConfigurationIsVisible = 0;
			defaultConfigurationName = Release;
		};
		CDF3B94220E808A600B5FCAE /* Build configuration list for PBXNativeTarget "Index" */ = {
			isa = XCConfigurationList;
			buildConfigurations = (
				CDF3B94320E808A600B5FCAE /* Debug */,
				CDF3B94420E808A600B5FCAE /* Release */,
			);
			defaultConfigurationIsVisible = 0;
			defaultConfigurationName = Release;
		};
/* End XCConfigurationList section */
	};
	rootObject = CDF3B8CC20E808A500B5FCAE /* Project object */;
}
